{
  "name": "medsecureai",
  "lockfileVersion": 3,
  "requires": true,
  "packages": {
    "": {
      "dependencies": {
        "cyborgdb": "^0.13.1"
      }
    },
    "node_modules/cyborgdb": {
      "version": "0.13.1",
      "resolved": "https://registry.npmjs.org/cyborgdb/-/cyborgdb-0.13.1.tgz",
      "integrity": "sha512-WPveqOwXHLbG+ZJIieYSLoA+OzhyRyoBDMgiFdouNh2ggrydMuiRLGarGAIAQzijsSNrfhgXbcx75KUowFe2IA==",
      "engines": {
        "node": ">=18.0.0"
      }
    }
  }
}
